
Microsoft Visual Studio Solution File, Format Version 12.00
# Visual Studio Version 16
VisualStudioVersion = 16.0.30204.135
MinimumVisualStudioVersion = 10.0.40219.1
Project("{FAE04EC0-301F-11D3-BF4B-00C04F79EFBC}") = "Webcam", "Webcam\Webcam.csproj", "{89F3CB3C-3A89-4878-B1B0-E43D41905D0A}"
EndProject
Global
	GlobalSection(SolutionConfigurationPlatforms) = preSolution
		Debug|Any CPU = Debug|Any CPU
		Release|Any CPU = Release|Any CPU
	EndGlobalSection
	GlobalSection(ProjectConfigurationPlatforms) = postSolution
		{89F3CB3C-3A89-4878-B1B0-E43D41905D0A}.Debug|Any CPU.ActiveCfg = Debug|Any CPU
		{89F3CB3C-3A89-4878-B1B0-E43D41905D0A}.Debug|Any CPU.Build.0 = Debug|Any CPU
		{89F3CB3C-3A89-4878-B1B0-E43D41905D0A}.Release|Any CPU.ActiveCfg = Release|Any CPU
		{89F3CB3C-3A89-4878-B1B0-E43D41905D0A}.Release|Any CPU.Build.0 = Release|Any CPU
	EndGlobalSection
	GlobalSection(SolutionProperties) = preSolution
		HideSolutionNode = FALSE
	EndGlobalSection
	GlobalSection(ExtensibilityGlobals) = postSolution
		SolutionGuid = {57FB81F6-F690-4CFA-9160-5555A9A4CA16}
	EndGlobalSection
EndGlobal
